{
  "version": 4,
  "terraform_version": "1.3.9",
  "serial": 27,
  "lineage": "8a0b63c1-e3cf-2a61-5a40-dd0208e892b6",
  "outputs": {},
  "resources": [
    {
      "mode": "managed",
      "type": "proxmox_vm_qemu",
      "name": "pve2-vm-template-create-k8s-1",
      "provider": "provider[\"registry.terraform.io/telmate/proxmox\"]",
      "instances": [
        {
          "schema_version": 0,
          "attributes": {
            "additional_wait": 10,
            "agent": 0,
            "args": "",
            "automatic_reboot": true,
            "balloon": 0,
            "bios": "seabios",
            "boot": "c",
            "bootdisk": "scsi0",
            "bridge": null,
            "ci_wait": null,
            "cicustom": "",
            "cipassword": "",
            "ciuser": "sambaetleuk",
            "clone": "ubuntu-cloud-2204",
            "clone_wait": 10,
            "cloudinit_cdrom_storage": null,
            "cores": 4,
            "cpu": "host",
            "default_ipv4_address": null,
            "define_connection_info": true,
            "desc": "Ubuntu Server Jammy 22.04",
            "disk": [
              {
                "aio": "",
                "backup": true,
                "cache": "none",
                "discard": "",
                "file": "vm-201-disk-0",
                "format": "raw",
                "iops": 0,
                "iops_max": 0,
                "iops_max_length": 0,
                "iops_rd": 0,
                "iops_rd_max": 0,
                "iops_rd_max_length": 0,
                "iops_wr": 0,
                "iops_wr_max": 0,
                "iops_wr_max_length": 0,
                "iothread": 0,
                "mbps": 0,
                "mbps_rd": 0,
                "mbps_rd_max": 0,
                "mbps_wr": 0,
                "mbps_wr_max": 0,
                "media": "",
                "replicate": 0,
                "size": "10G",
                "slot": 0,
                "ssd": 0,
                "storage": "local-lvm",
                "storage_type": "lvmthin",
                "type": "scsi",
                "volume": "local-lvm:vm-201-disk-0"
              }
            ],
            "disk_gb": null,
            "force_create": false,
            "force_recreate_on_change_of": null,
            "full_clone": true,
            "guest_agent_ready_timeout": 100,
            "hagroup": "",
            "hastate": "",
            "hostpci": [],
            "hotplug": "network,disk,usb",
            "id": "pve2/qemu/201",
            "ipconfig0": "ip=192.168.12.201/24,gw=192.168.12.1",
            "ipconfig1": "",
            "ipconfig10": "",
            "ipconfig11": "",
            "ipconfig12": "",
            "ipconfig13": "",
            "ipconfig14": "",
            "ipconfig15": "",
            "ipconfig2": "",
            "ipconfig3": "",
            "ipconfig4": "",
            "ipconfig5": "",
            "ipconfig6": "",
            "ipconfig7": "",
            "ipconfig8": "",
            "ipconfig9": "",
            "iso": null,
            "kvm": true,
            "mac": null,
            "memory": 4096,
            "name": "k8s-1",
            "nameserver": "1.1.1.1",
            "network": [
              {
                "bridge": "vmbr0",
                "firewall": false,
                "link_down": false,
                "macaddr": "AA:90:78:E6:17:2C",
                "model": "virtio",
                "mtu": 0,
                "queues": 0,
                "rate": 0,
                "tag": -1
              }
            ],
            "nic": null,
            "numa": false,
            "onboot": false,
            "oncreate": true,
            "os_network_config": null,
            "os_type": "cloud-init",
            "pool": "",
            "preprovision": true,
            "pxe": null,
            "qemu_os": "other",
            "reboot_required": false,
            "scsihw": "lsi",
            "searchdomain": "",
            "serial": [],
            "sockets": 1,
            "ssh_forward_ip": null,
            "ssh_host": null,
            "ssh_port": null,
            "ssh_private_key": null,
            "ssh_user": null,
            "sshkeys": "ssh-rsa AAAAB3NzaC1yc2EAAAADAQABAAACAQCb/+k+hLT87t4DOVLQdkgl1QOZFwwhAj0H9J7EA80jGNMsvl5ovs4WEOHsCVufq7N55XRL/Yq0LYhgLmcZBGfWQOOJO/SChcgRLyUrSlaC8Mr/PYOUEcJ6Yi6ql2Xx1dV1VPSWMEBLc/m9cLmy8QT/lgBw3NozwgEUn3tRD8GVQPPYGmsR8TEFg7oAjRcdBBoGvNwpDBbcmeaR9RDNxWE2pO+V2rHEu8gE0aFv8uv6rXJYt0iEli0wyeCEkbem539VYAi1/D86o2aKURUvnCIZZkLaOivU/o+sTsyf6NsQ8U8zQfIorOaqQSxkSFF5Z7sEGtP7G6bAyy+DEProb6Je0FlTvfSApTH0fA61Rh7jM1SPf7ZTs6EXSEBWX+1o69bNMzb/AHN913RLjz73TfRCFfeqYMOLK9Fa3Z4yOrPGfFBPSIx5UvCC6t3qALRwTwER9AT+eYaX63Gfa7Erb8/yMI8sfFJpJOav1hgntS7n5b9l59Y1UL184UlbjD/28NFxhnGGiEkbNC9hABHrhi0IqWWp6nCihcIwOfYntHp02lFYYLhvMJpBCgQBUvRO+HufVKXQlJebt1f53ZRBo2p6JeQ62h/eRYX3tPN7DZRbkCprO66hwY3XTswzTMaptXy5AG3l+wH7KDSAmrRM/jClLAwo1KfnVf6xSQmfbFVA1w== fallmuhamed@gmail.com",
            "startup": "",
            "storage": null,
            "storage_type": null,
            "tablet": true,
            "tags": "",
            "target_node": "pve2",
            "timeouts": null,
            "unused_disk": [],
            "usb": [],
            "vcpus": 0,
            "vga": [],
            "vlan": -1,
            "vmid": 201
          },
          "sensitive_attributes": [],
          "private": "eyJlMmJmYjczMC1lY2FhLTExZTYtOGY4OC0zNDM2M2JjN2M0YzAiOnsiY3JlYXRlIjoxMjAwMDAwMDAwMDAwLCJkZWZhdWx0IjoxMjAwMDAwMDAwMDAwLCJkZWxldGUiOjEyMDAwMDAwMDAwMDAsInJlYWQiOjEyMDAwMDAwMDAwMDAsInVwZGF0ZSI6MTIwMDAwMDAwMDAwMH19"
        }
      ]
    },
    {
      "mode": "managed",
      "type": "proxmox_vm_qemu",
      "name": "pve2-vm-template-create-k8s-2",
      "provider": "provider[\"registry.terraform.io/telmate/proxmox\"]",
      "instances": [
        {
          "schema_version": 0,
          "attributes": {
            "additional_wait": 10,
            "agent": 0,
            "args": "",
            "automatic_reboot": true,
            "balloon": 0,
            "bios": "seabios",
            "boot": "c",
            "bootdisk": "scsi0",
            "bridge": null,
            "ci_wait": null,
            "cicustom": "",
            "cipassword": "",
            "ciuser": "sambaetleuk",
            "clone": "ubuntu-cloud-2204",
            "clone_wait": 10,
            "cloudinit_cdrom_storage": null,
            "cores": 4,
            "cpu": "host",
            "default_ipv4_address": null,
            "define_connection_info": true,
            "desc": "Ubuntu Server Jammy 22.04",
            "disk": [
              {
                "aio": "",
                "backup": true,
                "cache": "none",
                "discard": "",
                "file": "vm-202-disk-0",
                "format": "raw",
                "iops": 0,
                "iops_max": 0,
                "iops_max_length": 0,
                "iops_rd": 0,
                "iops_rd_max": 0,
                "iops_rd_max_length": 0,
                "iops_wr": 0,
                "iops_wr_max": 0,
                "iops_wr_max_length": 0,
                "iothread": 0,
                "mbps": 0,
                "mbps_rd": 0,
                "mbps_rd_max": 0,
                "mbps_wr": 0,
                "mbps_wr_max": 0,
                "media": "",
                "replicate": 0,
                "size": "10G",
                "slot": 0,
                "ssd": 0,
                "storage": "local-lvm",
                "storage_type": "lvmthin",
                "type": "scsi",
                "volume": "local-lvm:vm-202-disk-0"
              }
            ],
            "disk_gb": null,
            "force_create": false,
            "force_recreate_on_change_of": null,
            "full_clone": true,
            "guest_agent_ready_timeout": 100,
            "hagroup": "",
            "hastate": "",
            "hostpci": [],
            "hotplug": "network,disk,usb",
            "id": "pve2/qemu/202",
            "ipconfig0": "ip=192.168.12.202/24,gw=192.168.12.1",
            "ipconfig1": "",
            "ipconfig10": "",
            "ipconfig11": "",
            "ipconfig12": "",
            "ipconfig13": "",
            "ipconfig14": "",
            "ipconfig15": "",
            "ipconfig2": "",
            "ipconfig3": "",
            "ipconfig4": "",
            "ipconfig5": "",
            "ipconfig6": "",
            "ipconfig7": "",
            "ipconfig8": "",
            "ipconfig9": "",
            "iso": null,
            "kvm": true,
            "mac": null,
            "memory": 4096,
            "name": "k8s-2",
            "nameserver": "1.1.1.1",
            "network": [
              {
                "bridge": "vmbr0",
                "firewall": false,
                "link_down": false,
                "macaddr": "46:8F:D1:C7:6F:11",
                "model": "virtio",
                "mtu": 0,
                "queues": 0,
                "rate": 0,
                "tag": -1
              }
            ],
            "nic": null,
            "numa": false,
            "onboot": false,
            "oncreate": true,
            "os_network_config": null,
            "os_type": "cloud-init",
            "pool": "",
            "preprovision": true,
            "pxe": null,
            "qemu_os": "other",
            "reboot_required": false,
            "scsihw": "lsi",
            "searchdomain": "",
            "serial": [],
            "sockets": 1,
            "ssh_forward_ip": null,
            "ssh_host": null,
            "ssh_port": null,
            "ssh_private_key": null,
            "ssh_user": null,
            "sshkeys": "ssh-rsa AAAAB3NzaC1yc2EAAAADAQABAAACAQCb/+k+hLT87t4DOVLQdkgl1QOZFwwhAj0H9J7EA80jGNMsvl5ovs4WEOHsCVufq7N55XRL/Yq0LYhgLmcZBGfWQOOJO/SChcgRLyUrSlaC8Mr/PYOUEcJ6Yi6ql2Xx1dV1VPSWMEBLc/m9cLmy8QT/lgBw3NozwgEUn3tRD8GVQPPYGmsR8TEFg7oAjRcdBBoGvNwpDBbcmeaR9RDNxWE2pO+V2rHEu8gE0aFv8uv6rXJYt0iEli0wyeCEkbem539VYAi1/D86o2aKURUvnCIZZkLaOivU/o+sTsyf6NsQ8U8zQfIorOaqQSxkSFF5Z7sEGtP7G6bAyy+DEProb6Je0FlTvfSApTH0fA61Rh7jM1SPf7ZTs6EXSEBWX+1o69bNMzb/AHN913RLjz73TfRCFfeqYMOLK9Fa3Z4yOrPGfFBPSIx5UvCC6t3qALRwTwER9AT+eYaX63Gfa7Erb8/yMI8sfFJpJOav1hgntS7n5b9l59Y1UL184UlbjD/28NFxhnGGiEkbNC9hABHrhi0IqWWp6nCihcIwOfYntHp02lFYYLhvMJpBCgQBUvRO+HufVKXQlJebt1f53ZRBo2p6JeQ62h/eRYX3tPN7DZRbkCprO66hwY3XTswzTMaptXy5AG3l+wH7KDSAmrRM/jClLAwo1KfnVf6xSQmfbFVA1w== fallmuhamed@gmail.com",
            "startup": "",
            "storage": null,
            "storage_type": null,
            "tablet": true,
            "tags": "",
            "target_node": "pve2",
            "timeouts": null,
            "unused_disk": [],
            "usb": [],
            "vcpus": 0,
            "vga": [],
            "vlan": -1,
            "vmid": 202
          },
          "sensitive_attributes": [],
          "private": "eyJlMmJmYjczMC1lY2FhLTExZTYtOGY4OC0zNDM2M2JjN2M0YzAiOnsiY3JlYXRlIjoxMjAwMDAwMDAwMDAwLCJkZWZhdWx0IjoxMjAwMDAwMDAwMDAwLCJkZWxldGUiOjEyMDAwMDAwMDAwMDAsInJlYWQiOjEyMDAwMDAwMDAwMDAsInVwZGF0ZSI6MTIwMDAwMDAwMDAwMH19"
        }
      ]
    },
    {
      "mode": "managed",
      "type": "proxmox_vm_qemu",
      "name": "pve2-vm-template-create-k8s-3",
      "provider": "provider[\"registry.terraform.io/telmate/proxmox\"]",
      "instances": [
        {
          "schema_version": 0,
          "attributes": {
            "additional_wait": 10,
            "agent": 0,
            "args": "",
            "automatic_reboot": true,
            "balloon": 0,
            "bios": "seabios",
            "boot": "c",
            "bootdisk": "scsi0",
            "bridge": null,
            "ci_wait": null,
            "cicustom": "",
            "cipassword": "",
            "ciuser": "sambaetleuk",
            "clone": "ubuntu-cloud-2204",
            "clone_wait": 10,
            "cloudinit_cdrom_storage": null,
            "cores": 4,
            "cpu": "host",
            "default_ipv4_address": null,
            "define_connection_info": true,
            "desc": "Ubuntu Server Jammy 22.04",
            "disk": [
              {
                "aio": "",
                "backup": true,
                "cache": "none",
                "discard": "",
                "file": "vm-203-disk-0",
                "format": "raw",
                "iops": 0,
                "iops_max": 0,
                "iops_max_length": 0,
                "iops_rd": 0,
                "iops_rd_max": 0,
                "iops_rd_max_length": 0,
                "iops_wr": 0,
                "iops_wr_max": 0,
                "iops_wr_max_length": 0,
                "iothread": 0,
                "mbps": 0,
                "mbps_rd": 0,
                "mbps_rd_max": 0,
                "mbps_wr": 0,
                "mbps_wr_max": 0,
                "media": "",
                "replicate": 0,
                "size": "10G",
                "slot": 0,
                "ssd": 0,
                "storage": "local-lvm",
                "storage_type": "lvmthin",
                "type": "scsi",
                "volume": "local-lvm:vm-203-disk-0"
              }
            ],
            "disk_gb": null,
            "force_create": false,
            "force_recreate_on_change_of": null,
            "full_clone": true,
            "guest_agent_ready_timeout": 100,
            "hagroup": "",
            "hastate": "",
            "hostpci": [],
            "hotplug": "network,disk,usb",
            "id": "pve2/qemu/203",
            "ipconfig0": "ip=192.168.12.203/24,gw=192.168.12.1",
            "ipconfig1": "",
            "ipconfig10": "",
            "ipconfig11": "",
            "ipconfig12": "",
            "ipconfig13": "",
            "ipconfig14": "",
            "ipconfig15": "",
            "ipconfig2": "",
            "ipconfig3": "",
            "ipconfig4": "",
            "ipconfig5": "",
            "ipconfig6": "",
            "ipconfig7": "",
            "ipconfig8": "",
            "ipconfig9": "",
            "iso": null,
            "kvm": true,
            "mac": null,
            "memory": 4096,
            "name": "k8s-3",
            "nameserver": "1.1.1.1",
            "network": [
              {
                "bridge": "vmbr0",
                "firewall": false,
                "link_down": false,
                "macaddr": "7A:FF:E3:C9:9E:F3",
                "model": "virtio",
                "mtu": 0,
                "queues": 0,
                "rate": 0,
                "tag": -1
              }
            ],
            "nic": null,
            "numa": false,
            "onboot": false,
            "oncreate": true,
            "os_network_config": null,
            "os_type": "cloud-init",
            "pool": "",
            "preprovision": true,
            "pxe": null,
            "qemu_os": "other",
            "reboot_required": false,
            "scsihw": "lsi",
            "searchdomain": "",
            "serial": [],
            "sockets": 1,
            "ssh_forward_ip": null,
            "ssh_host": null,
            "ssh_port": null,
            "ssh_private_key": null,
            "ssh_user": null,
            "sshkeys": "ssh-rsa AAAAB3NzaC1yc2EAAAADAQABAAACAQCb/+k+hLT87t4DOVLQdkgl1QOZFwwhAj0H9J7EA80jGNMsvl5ovs4WEOHsCVufq7N55XRL/Yq0LYhgLmcZBGfWQOOJO/SChcgRLyUrSlaC8Mr/PYOUEcJ6Yi6ql2Xx1dV1VPSWMEBLc/m9cLmy8QT/lgBw3NozwgEUn3tRD8GVQPPYGmsR8TEFg7oAjRcdBBoGvNwpDBbcmeaR9RDNxWE2pO+V2rHEu8gE0aFv8uv6rXJYt0iEli0wyeCEkbem539VYAi1/D86o2aKURUvnCIZZkLaOivU/o+sTsyf6NsQ8U8zQfIorOaqQSxkSFF5Z7sEGtP7G6bAyy+DEProb6Je0FlTvfSApTH0fA61Rh7jM1SPf7ZTs6EXSEBWX+1o69bNMzb/AHN913RLjz73TfRCFfeqYMOLK9Fa3Z4yOrPGfFBPSIx5UvCC6t3qALRwTwER9AT+eYaX63Gfa7Erb8/yMI8sfFJpJOav1hgntS7n5b9l59Y1UL184UlbjD/28NFxhnGGiEkbNC9hABHrhi0IqWWp6nCihcIwOfYntHp02lFYYLhvMJpBCgQBUvRO+HufVKXQlJebt1f53ZRBo2p6JeQ62h/eRYX3tPN7DZRbkCprO66hwY3XTswzTMaptXy5AG3l+wH7KDSAmrRM/jClLAwo1KfnVf6xSQmfbFVA1w== fallmuhamed@gmail.com",
            "startup": "",
            "storage": null,
            "storage_type": null,
            "tablet": true,
            "tags": "",
            "target_node": "pve2",
            "timeouts": null,
            "unused_disk": [],
            "usb": [],
            "vcpus": 0,
            "vga": [],
            "vlan": -1,
            "vmid": 203
          },
          "sensitive_attributes": [],
          "private": "eyJlMmJmYjczMC1lY2FhLTExZTYtOGY4OC0zNDM2M2JjN2M0YzAiOnsiY3JlYXRlIjoxMjAwMDAwMDAwMDAwLCJkZWZhdWx0IjoxMjAwMDAwMDAwMDAwLCJkZWxldGUiOjEyMDAwMDAwMDAwMDAsInJlYWQiOjEyMDAwMDAwMDAwMDAsInVwZGF0ZSI6MTIwMDAwMDAwMDAwMH19"
        }
      ]
    }
  ],
  "check_results": null
}
